
Microsoft Visual Studio Solution File, Format Version 12.00
# Visual Studio Version 17
VisualStudioVersion = 17.14.36301.6 d17.14
MinimumVisualStudioVersion = 10.0.40219.1
Project("{FAE04EC0-301F-11D3-BF4B-00C04F79EFBC}") = "Exam02", "Exam02\Exam02.csproj", "{1EBA247A-CBAA-45D4-878C-475760C44CCB}"
EndProject
Global
	GlobalSection(SolutionConfigurationPlatforms) = preSolution
		Debug|Any CPU = Debug|Any CPU
		Release|Any CPU = Release|Any CPU
	EndGlobalSection
	GlobalSection(ProjectConfigurationPlatforms) = postSolution
		{1EBA247A-CBAA-45D4-878C-475760C44CCB}.Debug|Any CPU.ActiveCfg = Debug|Any CPU
		{1EBA247A-CBAA-45D4-878C-475760C44CCB}.Debug|Any CPU.Build.0 = Debug|Any CPU
		{1EBA247A-CBAA-45D4-878C-475760C44CCB}.Release|Any CPU.ActiveCfg = Release|Any CPU
		{1EBA247A-CBAA-45D4-878C-475760C44CCB}.Release|Any CPU.Build.0 = Release|Any CPU
	EndGlobalSection
	GlobalSection(SolutionProperties) = preSolution
		HideSolutionNode = FALSE
	EndGlobalSection
	GlobalSection(ExtensibilityGlobals) = postSolution
		SolutionGuid = {E382027D-6E7D-4A1E-92B3-FD41FCF58D93}
	EndGlobalSection
EndGlobal
