
Microsoft Visual Studio Solution File, Format Version 12.00
# Visual Studio Version 17
VisualStudioVersion = 17.14.36301.6 d17.14
MinimumVisualStudioVersion = 10.0.40219.1
Project("{FAE04EC0-301F-11D3-BF4B-00C04F79EFBC}") = "task-ADV03", "task-ADV03\task-ADV03.csproj", "{9F749C14-E6A9-4D7C-8615-7872530221E5}"
EndProject
Global
	GlobalSection(SolutionConfigurationPlatforms) = preSolution
		Debug|Any CPU = Debug|Any CPU
		Release|Any CPU = Release|Any CPU
	EndGlobalSection
	GlobalSection(ProjectConfigurationPlatforms) = postSolution
		{9F749C14-E6A9-4D7C-8615-7872530221E5}.Debug|Any CPU.ActiveCfg = Debug|Any CPU
		{9F749C14-E6A9-4D7C-8615-7872530221E5}.Debug|Any CPU.Build.0 = Debug|Any CPU
		{9F749C14-E6A9-4D7C-8615-7872530221E5}.Release|Any CPU.ActiveCfg = Release|Any CPU
		{9F749C14-E6A9-4D7C-8615-7872530221E5}.Release|Any CPU.Build.0 = Release|Any CPU
	EndGlobalSection
	GlobalSection(SolutionProperties) = preSolution
		HideSolutionNode = FALSE
	EndGlobalSection
	GlobalSection(ExtensibilityGlobals) = postSolution
		SolutionGuid = {E54F27B1-1E3A-4983-95E6-96C74D9EFF16}
	EndGlobalSection
EndGlobal
