
Microsoft Visual Studio Solution File, Format Version 12.00
# Visual Studio Version 17
VisualStudioVersion = 17.14.36301.6 d17.14
MinimumVisualStudioVersion = 10.0.40219.1
Project("{FAE04EC0-301F-11D3-BF4B-00C04F79EFBC}") = "task-oop-2", "task-oop-2\task-oop-2.csproj", "{610CC81F-4ED1-46D2-9280-9E9A1215686F}"
EndProject
Global
	GlobalSection(SolutionConfigurationPlatforms) = preSolution
		Debug|Any CPU = Debug|Any CPU
		Release|Any CPU = Release|Any CPU
	EndGlobalSection
	GlobalSection(ProjectConfigurationPlatforms) = postSolution
		{610CC81F-4ED1-46D2-9280-9E9A1215686F}.Debug|Any CPU.ActiveCfg = Debug|Any CPU
		{610CC81F-4ED1-46D2-9280-9E9A1215686F}.Debug|Any CPU.Build.0 = Debug|Any CPU
		{610CC81F-4ED1-46D2-9280-9E9A1215686F}.Release|Any CPU.ActiveCfg = Release|Any CPU
		{610CC81F-4ED1-46D2-9280-9E9A1215686F}.Release|Any CPU.Build.0 = Release|Any CPU
	EndGlobalSection
	GlobalSection(SolutionProperties) = preSolution
		HideSolutionNode = FALSE
	EndGlobalSection
	GlobalSection(ExtensibilityGlobals) = postSolution
		SolutionGuid = {6AED691C-C637-4017-85EB-AF91A76FA6A0}
	EndGlobalSection
EndGlobal
