
Microsoft Visual Studio Solution File, Format Version 12.00
# Visual Studio Version 17
VisualStudioVersion = 17.14.36203.30 d17.14
MinimumVisualStudioVersion = 10.0.40219.1
Project("{FAE04EC0-301F-11D3-BF4B-00C04F79EFBC}") = "Task-3", "Task-3\Task-3.csproj", "{61E72DEE-9727-43FA-A3C7-9D381E47E3B5}"
EndProject
Global
	GlobalSection(SolutionConfigurationPlatforms) = preSolution
		Debug|Any CPU = Debug|Any CPU
		Release|Any CPU = Release|Any CPU
	EndGlobalSection
	GlobalSection(ProjectConfigurationPlatforms) = postSolution
		{61E72DEE-9727-43FA-A3C7-9D381E47E3B5}.Debug|Any CPU.ActiveCfg = Debug|Any CPU
		{61E72DEE-9727-43FA-A3C7-9D381E47E3B5}.Debug|Any CPU.Build.0 = Debug|Any CPU
		{61E72DEE-9727-43FA-A3C7-9D381E47E3B5}.Release|Any CPU.ActiveCfg = Release|Any CPU
		{61E72DEE-9727-43FA-A3C7-9D381E47E3B5}.Release|Any CPU.Build.0 = Release|Any CPU
	EndGlobalSection
	GlobalSection(SolutionProperties) = preSolution
		HideSolutionNode = FALSE
	EndGlobalSection
	GlobalSection(ExtensibilityGlobals) = postSolution
		SolutionGuid = {12FFF314-0203-45D5-BCBA-70D849F7BBD1}
	EndGlobalSection
EndGlobal
